
Microsoft Visual Studio Solution File, Format Version 12.00
# Visual Studio Version 17
VisualStudioVersion = 17.9.34728.123
MinimumVisualStudioVersion = 10.0.40219.1
Project("{FAE04EC0-301F-11D3-BF4B-00C04F79EFBC}") = "celilcavus.Market.API", "celilcavus.Market.API\celilcavus.Market.API.csproj", "{3DF8757B-4A1E-40B0-AC1B-24332A6ADE77}"
EndProject
Project("{FAE04EC0-301F-11D3-BF4B-00C04F79EFBC}") = "celilcavus.Market.Entity", "celilcavus.Market.Entity\celilcavus.Market.Entity.csproj", "{D08F22DA-CDFC-4AB3-9C43-AEFE53DB2AEC}"
EndProject
Project("{FAE04EC0-301F-11D3-BF4B-00C04F79EFBC}") = "celilcavus.Market.Model", "celilcavus.Market.Model\celilcavus.Market.Model.csproj", "{48215455-206E-40AD-B26F-A8B09020C5E2}"
EndProject
Global
	GlobalSection(SolutionConfigurationPlatforms) = preSolution
		Debug|Any CPU = Debug|Any CPU
		Release|Any CPU = Release|Any CPU
	EndGlobalSection
	GlobalSection(ProjectConfigurationPlatforms) = postSolution
		{3DF8757B-4A1E-40B0-AC1B-24332A6ADE77}.Debug|Any CPU.ActiveCfg = Debug|Any CPU
		{3DF8757B-4A1E-40B0-AC1B-24332A6ADE77}.Debug|Any CPU.Build.0 = Debug|Any CPU
		{3DF8757B-4A1E-40B0-AC1B-24332A6ADE77}.Release|Any CPU.ActiveCfg = Release|Any CPU
		{3DF8757B-4A1E-40B0-AC1B-24332A6ADE77}.Release|Any CPU.Build.0 = Release|Any CPU
		{D08F22DA-CDFC-4AB3-9C43-AEFE53DB2AEC}.Debug|Any CPU.ActiveCfg = Debug|Any CPU
		{D08F22DA-CDFC-4AB3-9C43-AEFE53DB2AEC}.Debug|Any CPU.Build.0 = Debug|Any CPU
		{D08F22DA-CDFC-4AB3-9C43-AEFE53DB2AEC}.Release|Any CPU.ActiveCfg = Release|Any CPU
		{D08F22DA-CDFC-4AB3-9C43-AEFE53DB2AEC}.Release|Any CPU.Build.0 = Release|Any CPU
		{48215455-206E-40AD-B26F-A8B09020C5E2}.Debug|Any CPU.ActiveCfg = Debug|Any CPU
		{48215455-206E-40AD-B26F-A8B09020C5E2}.Debug|Any CPU.Build.0 = Debug|Any CPU
		{48215455-206E-40AD-B26F-A8B09020C5E2}.Release|Any CPU.ActiveCfg = Release|Any CPU
		{48215455-206E-40AD-B26F-A8B09020C5E2}.Release|Any CPU.Build.0 = Release|Any CPU
	EndGlobalSection
	GlobalSection(SolutionProperties) = preSolution
		HideSolutionNode = FALSE
	EndGlobalSection
	GlobalSection(ExtensibilityGlobals) = postSolution
		SolutionGuid = {4D9B83CE-CC87-465A-B837-09E3FAA05FE7}
	EndGlobalSection
EndGlobal
